
Microsoft Visual Studio Solution File, Format Version 12.00
# Visual Studio 2012
Project("{8BC9CEB8-8B4A-11D0-8D11-00A0C91BC942}") = "TestAtmelWithVS", "TestAtmelWithVS\TestAtmelWithVS.vcxproj", "{0E02F401-A2F5-4C8F-90F1-6A4C192993C2}"
EndProject
Global
	GlobalSection(SolutionConfigurationPlatforms) = preSolution
		Debug|Win32 = Debug|Win32
		Release|Win32 = Release|Win32
	EndGlobalSection
	GlobalSection(ProjectConfigurationPlatforms) = postSolution
		{0E02F401-A2F5-4C8F-90F1-6A4C192993C2}.Debug|Win32.ActiveCfg = Debug|Win32
		{0E02F401-A2F5-4C8F-90F1-6A4C192993C2}.Debug|Win32.Build.0 = Debug|Win32
		{0E02F401-A2F5-4C8F-90F1-6A4C192993C2}.Release|Win32.ActiveCfg = Release|Win32
		{0E02F401-A2F5-4C8F-90F1-6A4C192993C2}.Release|Win32.Build.0 = Release|Win32
	EndGlobalSection
	GlobalSection(SolutionProperties) = preSolution
		HideSolutionNode = FALSE
	EndGlobalSection
EndGlobal
